// !$*UTF8*$!
{
	archiveVersion = 1;
	classes = {
	};
	objectVersion = 50;
	objects = {

/* Begin PBXBuildFile section */
		5D903A1E8EE7D914EBDC8AEE /* Pods_Trips.framework in Frameworks */ = {isa = PBXBuildFile; fileRef = E2CF199EF717972E2C7DB869 /* Pods_Trips.framework */; };
		7745359BA9E06B8121C69375 /* Pods_TripsTests.framework in Frameworks */ = {isa = PBXBuildFile; fileRef = 9EDC46934630A31FDF39472D /* Pods_TripsTests.framework */; };
		8201805A240BD5290080F811 /* LaunchScreen.storyboard in Resources */ = {isa = PBXBuildFile; fileRef = 82018059240BD5290080F811 /* LaunchScreen.storyboard */; };
		822497DE240F938700150B8D /* HomeCellModel.swift in Sources */ = {isa = PBXBuildFile; fileRef = 822497DD240F938700150B8D /* HomeCellModel.swift */; };
		822497E1240FA94500150B8D /* HomeCellMapper.swift in Sources */ = {isa = PBXBuildFile; fileRef = 822497E0240FA94500150B8D /* HomeCellMapper.swift */; };
		822497E3240FA98E00150B8D /* Date+String.swift in Sources */ = {isa = PBXBuildFile; fileRef = 822497E2240FA98E00150B8D /* Date+String.swift */; };
		822497E5240FCF9000150B8D /* HomeViewModelTests.swift in Sources */ = {isa = PBXBuildFile; fileRef = 822497E4240FCF9000150B8D /* HomeViewModelTests.swift */; };
		822497E8240FD11400150B8D /* MockHomeViewModelDependencies.swift in Sources */ = {isa = PBXBuildFile; fileRef = 822497E7240FD11400150B8D /* MockHomeViewModelDependencies.swift */; };
		822497EA240FE83900150B8D /* ViewController+Spinner.swift in Sources */ = {isa = PBXBuildFile; fileRef = 822497E9240FE83900150B8D /* ViewController+Spinner.swift */; };
		822497EC240FEEB400150B8D /* HomeTableViewCell.swift in Sources */ = {isa = PBXBuildFile; fileRef = 822497EB240FEEB400150B8D /* HomeTableViewCell.swift */; };
		8224C8E2240C334100DC43CD /* HomeViewModel.swift in Sources */ = {isa = PBXBuildFile; fileRef = 8224C8E1240C334100DC43CD /* HomeViewModel.swift */; };
		8224C8E7240C340000DC43CD /* TripRepository.swift in Sources */ = {isa = PBXBuildFile; fileRef = 8224C8E6240C340000DC43CD /* TripRepository.swift */; };
		8224C8EA240C34A600DC43CD /* Service.swift in Sources */ = {isa = PBXBuildFile; fileRef = 8224C8E9240C34A600DC43CD /* Service.swift */; };
		8224C8EC240C352A00DC43CD /* TripService.swift in Sources */ = {isa = PBXBuildFile; fileRef = 8224C8EB240C352A00DC43CD /* TripService.swift */; };
		8224C8EE240C36DA00DC43CD /* TripServiceProvider.swift in Sources */ = {isa = PBXBuildFile; fileRef = 8224C8ED240C36DA00DC43CD /* TripServiceProvider.swift */; };
		8224C8F0240C371700DC43CD /* TripError.swift in Sources */ = {isa = PBXBuildFile; fileRef = 8224C8EF240C371700DC43CD /* TripError.swift */; };
		8224C8F3240C38E400DC43CD /* TripResponse.swift in Sources */ = {isa = PBXBuildFile; fileRef = 8224C8F2240C38E400DC43CD /* TripResponse.swift */; };
		8224C8F5240C3AB300DC43CD /* StopDetailResponse.swift in Sources */ = {isa = PBXBuildFile; fileRef = 8224C8F4240C3AB300DC43CD /* StopDetailResponse.swift */; };
		8245FA58240E601800CC9DB9 /* RetrieveTripsUseCase.swift in Sources */ = {isa = PBXBuildFile; fileRef = 8245FA57240E601800CC9DB9 /* RetrieveTripsUseCase.swift */; };
		8245FA5B240E611400CC9DB9 /* Trip.swift in Sources */ = {isa = PBXBuildFile; fileRef = 8245FA5A240E611400CC9DB9 /* Trip.swift */; };
		8245FA5E240E618A00CC9DB9 /* TripResponseMapper.swift in Sources */ = {isa = PBXBuildFile; fileRef = 8245FA5D240E618A00CC9DB9 /* TripResponseMapper.swift */; };
		8245FA60240E61F100CC9DB9 /* DestinationResponseMapper.swift in Sources */ = {isa = PBXBuildFile; fileRef = 8245FA5F240E61F100CC9DB9 /* DestinationResponseMapper.swift */; };
		8245FA62240E654C00CC9DB9 /* PointResponseMapper.swift in Sources */ = {isa = PBXBuildFile; fileRef = 8245FA61240E654C00CC9DB9 /* PointResponseMapper.swift */; };
		8245FA64240E673F00CC9DB9 /* StopResponseMapper.swift in Sources */ = {isa = PBXBuildFile; fileRef = 8245FA63240E673F00CC9DB9 /* StopResponseMapper.swift */; };
		8245FA67240E865100CC9DB9 /* String+Date.swift in Sources */ = {isa = PBXBuildFile; fileRef = 8245FA66240E865100CC9DB9 /* String+Date.swift */; };
		8299A621240BC9480043D6C7 /* AppDelegate.swift in Sources */ = {isa = PBXBuildFile; fileRef = 8299A620240BC9480043D6C7 /* AppDelegate.swift */; };
		8299A623240BC9480043D6C7 /* SceneDelegate.swift in Sources */ = {isa = PBXBuildFile; fileRef = 8299A622240BC9480043D6C7 /* SceneDelegate.swift */; };
		8299A625240BC9480043D6C7 /* HomeViewController.swift in Sources */ = {isa = PBXBuildFile; fileRef = 8299A624240BC9480043D6C7 /* HomeViewController.swift */; };
		8299A62B240BC9480043D6C7 /* Trips.xcdatamodeld in Sources */ = {isa = PBXBuildFile; fileRef = 8299A629240BC9480043D6C7 /* Trips.xcdatamodeld */; };
		8299A62D240BC94A0043D6C7 /* Assets.xcassets in Resources */ = {isa = PBXBuildFile; fileRef = 8299A62C240BC94A0043D6C7 /* Assets.xcassets */; };
		8299A63B240BC94A0043D6C7 /* TripsTests.swift in Sources */ = {isa = PBXBuildFile; fileRef = 8299A63A240BC94A0043D6C7 /* TripsTests.swift */; };
		8299A646240BCBEC0043D6C7 /* Default-568h@2x.png in Resources */ = {isa = PBXBuildFile; fileRef = 8299A645240BCBEC0043D6C7 /* Default-568h@2x.png */; };
/* End PBXBuildFile section */

/* Begin PBXContainerItemProxy section */
		8299A637240BC94A0043D6C7 /* PBXContainerItemProxy */ = {
			isa = PBXContainerItemProxy;
			containerPortal = 8299A615240BC9480043D6C7 /* Project object */;
			proxyType = 1;
			remoteGlobalIDString = 8299A61C240BC9480043D6C7;
			remoteInfo = Trips;
		};
/* End PBXContainerItemProxy section */

/* Begin PBXFileReference section */
		253DC08495E0684B3461F4EB /* Pods-TripsTests.debug.xcconfig */ = {isa = PBXFileReference; includeInIndex = 1; lastKnownFileType = text.xcconfig; name = "Pods-TripsTests.debug.xcconfig"; path = "Target Support Files/Pods-TripsTests/Pods-TripsTests.debug.xcconfig"; sourceTree = "<group>"; };
		36DD8E2747F0D553ED4804CD /* Pods-TripsTests.release.xcconfig */ = {isa = PBXFileReference; includeInIndex = 1; lastKnownFileType = text.xcconfig; name = "Pods-TripsTests.release.xcconfig"; path = "Target Support Files/Pods-TripsTests/Pods-TripsTests.release.xcconfig"; sourceTree = "<group>"; };
		82018059240BD5290080F811 /* LaunchScreen.storyboard */ = {isa = PBXFileReference; fileEncoding = 4; lastKnownFileType = file.storyboard; path = LaunchScreen.storyboard; sourceTree = "<group>"; };
		822497DD240F938700150B8D /* HomeCellModel.swift */ = {isa = PBXFileReference; lastKnownFileType = sourcecode.swift; path = HomeCellModel.swift; sourceTree = "<group>"; };
		822497E0240FA94500150B8D /* HomeCellMapper.swift */ = {isa = PBXFileReference; lastKnownFileType = sourcecode.swift; path = HomeCellMapper.swift; sourceTree = "<group>"; };
		822497E2240FA98E00150B8D /* Date+String.swift */ = {isa = PBXFileReference; lastKnownFileType = sourcecode.swift; path = "Date+String.swift"; sourceTree = "<group>"; };
		822497E4240FCF9000150B8D /* HomeViewModelTests.swift */ = {isa = PBXFileReference; lastKnownFileType = sourcecode.swift; path = HomeViewModelTests.swift; sourceTree = "<group>"; };
		822497E7240FD11400150B8D /* MockHomeViewModelDependencies.swift */ = {isa = PBXFileReference; lastKnownFileType = sourcecode.swift; path = MockHomeViewModelDependencies.swift; sourceTree = "<group>"; };
		822497E9240FE83900150B8D /* ViewController+Spinner.swift */ = {isa = PBXFileReference; lastKnownFileType = sourcecode.swift; path = "ViewController+Spinner.swift"; sourceTree = "<group>"; };
		822497EB240FEEB400150B8D /* HomeTableViewCell.swift */ = {isa = PBXFileReference; lastKnownFileType = sourcecode.swift; path = HomeTableViewCell.swift; sourceTree = "<group>"; };
		8224C8E1240C334100DC43CD /* HomeViewModel.swift */ = {isa = PBXFileReference; lastKnownFileType = sourcecode.swift; path = HomeViewModel.swift; sourceTree = "<group>"; };
		8224C8E6240C340000DC43CD /* TripRepository.swift */ = {isa = PBXFileReference; lastKnownFileType = sourcecode.swift; path = TripRepository.swift; sourceTree = "<group>"; };
		8224C8E9240C34A600DC43CD /* Service.swift */ = {isa = PBXFileReference; lastKnownFileType = sourcecode.swift; path = Service.swift; sourceTree = "<group>"; };
		8224C8EB240C352A00DC43CD /* TripService.swift */ = {isa = PBXFileReference; lastKnownFileType = sourcecode.swift; path = TripService.swift; sourceTree = "<group>"; };
		8224C8ED240C36DA00DC43CD /* TripServiceProvider.swift */ = {isa = PBXFileReference; lastKnownFileType = sourcecode.swift; path = TripServiceProvider.swift; sourceTree = "<group>"; };
		8224C8EF240C371700DC43CD /* TripError.swift */ = {isa = PBXFileReference; lastKnownFileType = sourcecode.swift; path = TripError.swift; sourceTree = "<group>"; };
		8224C8F2240C38E400DC43CD /* TripResponse.swift */ = {isa = PBXFileReference; lastKnownFileType = sourcecode.swift; path = TripResponse.swift; sourceTree = "<group>"; };
		8224C8F4240C3AB300DC43CD /* StopDetailResponse.swift */ = {isa = PBXFileReference; lastKnownFileType = sourcecode.swift; path = StopDetailResponse.swift; sourceTree = "<group>"; };
		8245FA57240E601800CC9DB9 /* RetrieveTripsUseCase.swift */ = {isa = PBXFileReference; lastKnownFileType = sourcecode.swift; path = RetrieveTripsUseCase.swift; sourceTree = "<group>"; };
		8245FA5A240E611400CC9DB9 /* Trip.swift */ = {isa = PBXFileReference; lastKnownFileType = sourcecode.swift; path = Trip.swift; sourceTree = "<group>"; };
		8245FA5D240E618A00CC9DB9 /* TripResponseMapper.swift */ = {isa = PBXFileReference; lastKnownFileType = sourcecode.swift; path = TripResponseMapper.swift; sourceTree = "<group>"; };
		8245FA5F240E61F100CC9DB9 /* DestinationResponseMapper.swift */ = {isa = PBXFileReference; lastKnownFileType = sourcecode.swift; path = DestinationResponseMapper.swift; sourceTree = "<group>"; };
		8245FA61240E654C00CC9DB9 /* PointResponseMapper.swift */ = {isa = PBXFileReference; lastKnownFileType = sourcecode.swift; path = PointResponseMapper.swift; sourceTree = "<group>"; };
		8245FA63240E673F00CC9DB9 /* StopResponseMapper.swift */ = {isa = PBXFileReference; lastKnownFileType = sourcecode.swift; path = StopResponseMapper.swift; sourceTree = "<group>"; };
		8245FA66240E865100CC9DB9 /* String+Date.swift */ = {isa = PBXFileReference; lastKnownFileType = sourcecode.swift; path = "String+Date.swift"; sourceTree = "<group>"; };
		8299A61D240BC9480043D6C7 /* Trips.app */ = {isa = PBXFileReference; explicitFileType = wrapper.application; includeInIndex = 0; path = Trips.app; sourceTree = BUILT_PRODUCTS_DIR; };
		8299A620240BC9480043D6C7 /* AppDelegate.swift */ = {isa = PBXFileReference; lastKnownFileType = sourcecode.swift; path = AppDelegate.swift; sourceTree = "<group>"; };
		8299A622240BC9480043D6C7 /* SceneDelegate.swift */ = {isa = PBXFileReference; lastKnownFileType = sourcecode.swift; path = SceneDelegate.swift; sourceTree = "<group>"; };
		8299A624240BC9480043D6C7 /* HomeViewController.swift */ = {isa = PBXFileReference; lastKnownFileType = sourcecode.swift; path = HomeViewController.swift; sourceTree = "<group>"; };
		8299A62A240BC9480043D6C7 /* Trips.xcdatamodel */ = {isa = PBXFileReference; lastKnownFileType = wrapper.xcdatamodel; path = Trips.xcdatamodel; sourceTree = "<group>"; };
		8299A62C240BC94A0043D6C7 /* Assets.xcassets */ = {isa = PBXFileReference; lastKnownFileType = folder.assetcatalog; path = Assets.xcassets; sourceTree = "<group>"; };
		8299A631240BC94A0043D6C7 /* Info.plist */ = {isa = PBXFileReference; lastKnownFileType = text.plist.xml; path = Info.plist; sourceTree = "<group>"; };
		8299A636240BC94A0043D6C7 /* TripsTests.xctest */ = {isa = PBXFileReference; explicitFileType = wrapper.cfbundle; includeInIndex = 0; path = TripsTests.xctest; sourceTree = BUILT_PRODUCTS_DIR; };
		8299A63A240BC94A0043D6C7 /* TripsTests.swift */ = {isa = PBXFileReference; lastKnownFileType = sourcecode.swift; path = TripsTests.swift; sourceTree = "<group>"; };
		8299A63C240BC94A0043D6C7 /* Info.plist */ = {isa = PBXFileReference; lastKnownFileType = text.plist.xml; path = Info.plist; sourceTree = "<group>"; };
		8299A645240BCBEC0043D6C7 /* Default-568h@2x.png */ = {isa = PBXFileReference; lastKnownFileType = image.png; path = "Default-568h@2x.png"; sourceTree = "<group>"; };
		9EDC46934630A31FDF39472D /* Pods_TripsTests.framework */ = {isa = PBXFileReference; explicitFileType = wrapper.framework; includeInIndex = 0; path = Pods_TripsTests.framework; sourceTree = BUILT_PRODUCTS_DIR; };
		A406D1B73DDC76B8084C932C /* Pods-Trips.debug.xcconfig */ = {isa = PBXFileReference; includeInIndex = 1; lastKnownFileType = text.xcconfig; name = "Pods-Trips.debug.xcconfig"; path = "Target Support Files/Pods-Trips/Pods-Trips.debug.xcconfig"; sourceTree = "<group>"; };
		E2CF199EF717972E2C7DB869 /* Pods_Trips.framework */ = {isa = PBXFileReference; explicitFileType = wrapper.framework; includeInIndex = 0; path = Pods_Trips.framework; sourceTree = BUILT_PRODUCTS_DIR; };
		F7E269A2894AA9C442E93471 /* Pods-Trips.release.xcconfig */ = {isa = PBXFileReference; includeInIndex = 1; lastKnownFileType = text.xcconfig; name = "Pods-Trips.release.xcconfig"; path = "Target Support Files/Pods-Trips/Pods-Trips.release.xcconfig"; sourceTree = "<group>"; };
/* End PBXFileReference section */

/* Begin PBXFrameworksBuildPhase section */
		8299A61A240BC9480043D6C7 /* Frameworks */ = {
			isa = PBXFrameworksBuildPhase;
			buildActionMask = 2147483647;
			files = (
				5D903A1E8EE7D914EBDC8AEE /* Pods_Trips.framework in Frameworks */,
			);
			runOnlyForDeploymentPostprocessing = 0;
		};
		8299A633240BC94A0043D6C7 /* Frameworks */ = {
			isa = PBXFrameworksBuildPhase;
			buildActionMask = 2147483647;
			files = (
				7745359BA9E06B8121C69375 /* Pods_TripsTests.framework in Frameworks */,
			);
			runOnlyForDeploymentPostprocessing = 0;
		};
/* End PBXFrameworksBuildPhase section */

/* Begin PBXGroup section */
		16FD8A608F2E3C54F1921E8B /* Frameworks */ = {
			isa = PBXGroup;
			children = (
				E2CF199EF717972E2C7DB869 /* Pods_Trips.framework */,
				9EDC46934630A31FDF39472D /* Pods_TripsTests.framework */,
			);
			name = Frameworks;
			sourceTree = "<group>";
		};
		736FACCD3B4F8E88180DDEF0 /* Pods */ = {
			isa = PBXGroup;
			children = (
				A406D1B73DDC76B8084C932C /* Pods-Trips.debug.xcconfig */,
				F7E269A2894AA9C442E93471 /* Pods-Trips.release.xcconfig */,
				253DC08495E0684B3461F4EB /* Pods-TripsTests.debug.xcconfig */,
				36DD8E2747F0D553ED4804CD /* Pods-TripsTests.release.xcconfig */,
			);
			path = Pods;
			sourceTree = "<group>";
		};
		822497DB240F935000150B8D /* Cells */ = {
			isa = PBXGroup;
			children = (
				822497DC240F937100150B8D /* Model */,
				822497EB240FEEB400150B8D /* HomeTableViewCell.swift */,
			);
			path = Cells;
			sourceTree = "<group>";
		};
		822497DC240F937100150B8D /* Model */ = {
			isa = PBXGroup;
			children = (
				822497DD240F938700150B8D /* HomeCellModel.swift */,
			);
			path = Model;
			sourceTree = "<group>";
		};
		822497DF240FA93300150B8D /* Mappers */ = {
			isa = PBXGroup;
			children = (
				822497E0240FA94500150B8D /* HomeCellMapper.swift */,
			);
			path = Mappers;
			sourceTree = "<group>";
		};
		822497E6240FD0FA00150B8D /* Mocks */ = {
			isa = PBXGroup;
			children = (
				822497E7240FD11400150B8D /* MockHomeViewModelDependencies.swift */,
			);
			path = Mocks;
			sourceTree = "<group>";
		};
		8224C8E3240C33D800DC43CD /* Data */ = {
			isa = PBXGroup;
			children = (
				8224C8F1240C38D600DC43CD /* Entities */,
				8224C8E8240C349700DC43CD /* Network */,
				8224C8E4240C33DB00DC43CD /* Repositories */,
			);
			path = Data;
			sourceTree = "<group>";
		};
		8224C8E4240C33DB00DC43CD /* Repositories */ = {
			isa = PBXGroup;
			children = (
				8224C8E6240C340000DC43CD /* TripRepository.swift */,
			);
			path = Repositories;
			sourceTree = "<group>";
		};
		8224C8E5240C33E100DC43CD /* App */ = {
			isa = PBXGroup;
			children = (
				8245FA65240E864400CC9DB9 /* Extensions */,
				8299A647240BCDD90043D6C7 /* Features */,
			);
			path = App;
			sourceTree = "<group>";
		};
		8224C8E8240C349700DC43CD /* Network */ = {
			isa = PBXGroup;
			children = (
				8224C8E9240C34A600DC43CD /* Service.swift */,
				8224C8EF240C371700DC43CD /* TripError.swift */,
				8224C8EB240C352A00DC43CD /* TripService.swift */,
				8224C8ED240C36DA00DC43CD /* TripServiceProvider.swift */,
			);
			path = Network;
			sourceTree = "<group>";
		};
		8224C8F1240C38D600DC43CD /* Entities */ = {
			isa = PBXGroup;
			children = (
				8224C8F2240C38E400DC43CD /* TripResponse.swift */,
				8224C8F4240C3AB300DC43CD /* StopDetailResponse.swift */,
			);
			path = Entities;
			sourceTree = "<group>";
		};
		8224C8F6240C3B5900DC43CD /* Home */ = {
			isa = PBXGroup;
			children = (
				822497DF240FA93300150B8D /* Mappers */,
				822497DB240F935000150B8D /* Cells */,
				8299A624240BC9480043D6C7 /* HomeViewController.swift */,
				8224C8E1240C334100DC43CD /* HomeViewModel.swift */,
			);
			path = Home;
			sourceTree = "<group>";
		};
		8245FA53240E5FD800CC9DB9 /* Domain */ = {
			isa = PBXGroup;
			children = (
				8245FA5C240E617B00CC9DB9 /* Mappers */,
				8245FA59240E610B00CC9DB9 /* Entities */,
				8245FA54240E5FEA00CC9DB9 /* UseCases */,
			);
			path = Domain;
			sourceTree = "<group>";
		};
		8245FA54240E5FEA00CC9DB9 /* UseCases */ = {
			isa = PBXGroup;
			children = (
				8245FA57240E601800CC9DB9 /* RetrieveTripsUseCase.swift */,
			);
			path = UseCases;
			sourceTree = "<group>";
		};
		8245FA59240E610B00CC9DB9 /* Entities */ = {
			isa = PBXGroup;
			children = (
				8245FA5A240E611400CC9DB9 /* Trip.swift */,
			);
			path = Entities;
			sourceTree = "<group>";
		};
		8245FA5C240E617B00CC9DB9 /* Mappers */ = {
			isa = PBXGroup;
			children = (
				8245FA5F240E61F100CC9DB9 /* DestinationResponseMapper.swift */,
				8245FA61240E654C00CC9DB9 /* PointResponseMapper.swift */,
				8245FA63240E673F00CC9DB9 /* StopResponseMapper.swift */,
				8245FA5D240E618A00CC9DB9 /* TripResponseMapper.swift */,
			);
			path = Mappers;
			sourceTree = "<group>";
		};
		8245FA65240E864400CC9DB9 /* Extensions */ = {
			isa = PBXGroup;
			children = (
				8245FA66240E865100CC9DB9 /* String+Date.swift */,
				822497E2240FA98E00150B8D /* Date+String.swift */,
				822497E9240FE83900150B8D /* ViewController+Spinner.swift */,
			);
			path = Extensions;
			sourceTree = "<group>";
		};
		8299A614240BC9480043D6C7 = {
			isa = PBXGroup;
			children = (
				8299A645240BCBEC0043D6C7 /* Default-568h@2x.png */,
				8299A61F240BC9480043D6C7 /* Trips */,
				8299A639240BC94A0043D6C7 /* TripsTests */,
				8299A61E240BC9480043D6C7 /* Products */,
				736FACCD3B4F8E88180DDEF0 /* Pods */,
				16FD8A608F2E3C54F1921E8B /* Frameworks */,
			);
			sourceTree = "<group>";
		};
		8299A61E240BC9480043D6C7 /* Products */ = {
			isa = PBXGroup;
			children = (
				8299A61D240BC9480043D6C7 /* Trips.app */,
				8299A636240BC94A0043D6C7 /* TripsTests.xctest */,
			);
			name = Products;
			sourceTree = "<group>";
		};
		8299A61F240BC9480043D6C7 /* Trips */ = {
			isa = PBXGroup;
			children = (
				8224C8E5240C33E100DC43CD /* App */,
				8245FA53240E5FD800CC9DB9 /* Domain */,
				8224C8E3240C33D800DC43CD /* Data */,
				82018059240BD5290080F811 /* LaunchScreen.storyboard */,
				8299A620240BC9480043D6C7 /* AppDelegate.swift */,
				8299A622240BC9480043D6C7 /* SceneDelegate.swift */,
				8299A62C240BC94A0043D6C7 /* Assets.xcassets */,
				8299A631240BC94A0043D6C7 /* Info.plist */,
				8299A629240BC9480043D6C7 /* Trips.xcdatamodeld */,
			);
			path = Trips;
			sourceTree = "<group>";
		};
		8299A639240BC94A0043D6C7 /* TripsTests */ = {
			isa = PBXGroup;
			children = (
				822497E6240FD0FA00150B8D /* Mocks */,
				8299A63A240BC94A0043D6C7 /* TripsTests.swift */,
				8299A63C240BC94A0043D6C7 /* Info.plist */,
				822497E4240FCF9000150B8D /* HomeViewModelTests.swift */,
			);
			path = TripsTests;
			sourceTree = "<group>";
		};
		8299A647240BCDD90043D6C7 /* Features */ = {
			isa = PBXGroup;
			children = (
				8224C8F6240C3B5900DC43CD /* Home */,
			);
			path = Features;
			sourceTree = "<group>";
		};
/* End PBXGroup section */

/* Begin PBXNativeTarget section */
		8299A61C240BC9480043D6C7 /* Trips */ = {
			isa = PBXNativeTarget;
			buildConfigurationList = 8299A63F240BC94A0043D6C7 /* Build configuration list for PBXNativeTarget "Trips" */;
			buildPhases = (
				53394CAA1A48170D04C9A067 /* [CP] Check Pods Manifest.lock */,
				8299A619240BC9480043D6C7 /* Sources */,
				8299A61A240BC9480043D6C7 /* Frameworks */,
				8299A61B240BC9480043D6C7 /* Resources */,
				AEC6A919224D7E21E5C1A2DA /* [CP] Embed Pods Frameworks */,
			);
			buildRules = (
			);
			dependencies = (
			);
			name = Trips;
			productName = Trips;
			productReference = 8299A61D240BC9480043D6C7 /* Trips.app */;
			productType = "com.apple.product-type.application";
		};
		8299A635240BC94A0043D6C7 /* TripsTests */ = {
			isa = PBXNativeTarget;
			buildConfigurationList = 8299A642240BC94A0043D6C7 /* Build configuration list for PBXNativeTarget "TripsTests" */;
			buildPhases = (
				4FD937F5C79EDED3B9E51319 /* [CP] Check Pods Manifest.lock */,
				8299A632240BC94A0043D6C7 /* Sources */,
				8299A633240BC94A0043D6C7 /* Frameworks */,
				8299A634240BC94A0043D6C7 /* Resources */,
			);
			buildRules = (
			);
			dependencies = (
				8299A638240BC94A0043D6C7 /* PBXTargetDependency */,
			);
			name = TripsTests;
			productName = TripsTests;
			productReference = 8299A636240BC94A0043D6C7 /* TripsTests.xctest */;
			productType = "com.apple.product-type.bundle.unit-test";
		};
/* End PBXNativeTarget section */

/* Begin PBXProject section */
		8299A615240BC9480043D6C7 /* Project object */ = {
			isa = PBXProject;
			attributes = {
				LastSwiftUpdateCheck = 1100;
				LastUpgradeCheck = 1100;
				ORGANIZATIONNAME = ErikAgujari;
				TargetAttributes = {
					8299A61C240BC9480043D6C7 = {
						CreatedOnToolsVersion = 11.0;
					};
					8299A635240BC94A0043D6C7 = {
						CreatedOnToolsVersion = 11.0;
						TestTargetID = 8299A61C240BC9480043D6C7;
					};
				};
			};
			buildConfigurationList = 8299A618240BC9480043D6C7 /* Build configuration list for PBXProject "Trips" */;
			compatibilityVersion = "Xcode 9.3";
			developmentRegion = en;
			hasScannedForEncodings = 0;
			knownRegions = (
				en,
				Base,
			);
			mainGroup = 8299A614240BC9480043D6C7;
			productRefGroup = 8299A61E240BC9480043D6C7 /* Products */;
			projectDirPath = "";
			projectRoot = "";
			targets = (
				8299A61C240BC9480043D6C7 /* Trips */,
				8299A635240BC94A0043D6C7 /* TripsTests */,
			);
		};
/* End PBXProject section */

/* Begin PBXResourcesBuildPhase section */
		8299A61B240BC9480043D6C7 /* Resources */ = {
			isa = PBXResourcesBuildPhase;
			buildActionMask = 2147483647;
			files = (
				8201805A240BD5290080F811 /* LaunchScreen.storyboard in Resources */,
				8299A62D240BC94A0043D6C7 /* Assets.xcassets in Resources */,
				8299A646240BCBEC0043D6C7 /* Default-568h@2x.png in Resources */,
			);
			runOnlyForDeploymentPostprocessing = 0;
		};
		8299A634240BC94A0043D6C7 /* Resources */ = {
			isa = PBXResourcesBuildPhase;
			buildActionMask = 2147483647;
			files = (
			);
			runOnlyForDeploymentPostprocessing = 0;
		};
/* End PBXResourcesBuildPhase section */

/* Begin PBXShellScriptBuildPhase section */
		4FD937F5C79EDED3B9E51319 /* [CP] Check Pods Manifest.lock */ = {
			isa = PBXShellScriptBuildPhase;
			buildActionMask = 2147483647;
			files = (
			);
			inputFileListPaths = (
			);
			inputPaths = (
				"${PODS_PODFILE_DIR_PATH}/Podfile.lock",
				"${PODS_ROOT}/Manifest.lock",
			);
			name = "[CP] Check Pods Manifest.lock";
			outputFileListPaths = (
			);
			outputPaths = (
				"$(DERIVED_FILE_DIR)/Pods-TripsTests-checkManifestLockResult.txt",
			);
			runOnlyForDeploymentPostprocessing = 0;
			shellPath = /bin/sh;
			shellScript = "diff \"${PODS_PODFILE_DIR_PATH}/Podfile.lock\" \"${PODS_ROOT}/Manifest.lock\" > /dev/null\nif [ $? != 0 ] ; then\n    # print error to STDERR\n    echo \"error: The sandbox is not in sync with the Podfile.lock. Run 'pod install' or update your CocoaPods installation.\" >&2\n    exit 1\nfi\n# This output is used by Xcode 'outputs' to avoid re-running this script phase.\necho \"SUCCESS\" > \"${SCRIPT_OUTPUT_FILE_0}\"\n";
			showEnvVarsInLog = 0;
		};
		53394CAA1A48170D04C9A067 /* [CP] Check Pods Manifest.lock */ = {
			isa = PBXShellScriptBuildPhase;
			buildActionMask = 2147483647;
			files = (
			);
			inputFileListPaths = (
			);
			inputPaths = (
				"${PODS_PODFILE_DIR_PATH}/Podfile.lock",
				"${PODS_ROOT}/Manifest.lock",
			);
			name = "[CP] Check Pods Manifest.lock";
			outputFileListPaths = (
			);
			outputPaths = (
				"$(DERIVED_FILE_DIR)/Pods-Trips-checkManifestLockResult.txt",
			);
			runOnlyForDeploymentPostprocessing = 0;
			shellPath = /bin/sh;
			shellScript = "diff \"${PODS_PODFILE_DIR_PATH}/Podfile.lock\" \"${PODS_ROOT}/Manifest.lock\" > /dev/null\nif [ $? != 0 ] ; then\n    # print error to STDERR\n    echo \"error: The sandbox is not in sync with the Podfile.lock. Run 'pod install' or update your CocoaPods installation.\" >&2\n    exit 1\nfi\n# This output is used by Xcode 'outputs' to avoid re-running this script phase.\necho \"SUCCESS\" > \"${SCRIPT_OUTPUT_FILE_0}\"\n";
			showEnvVarsInLog = 0;
		};
		AEC6A919224D7E21E5C1A2DA /* [CP] Embed Pods Frameworks */ = {
			isa = PBXShellScriptBuildPhase;
			buildActionMask = 2147483647;
			files = (
			);
			inputFileListPaths = (
			);
			inputPaths = (
				"${PODS_ROOT}/Target Support Files/Pods-Trips/Pods-Trips-frameworks.sh",
				"${BUILT_PRODUCTS_DIR}/Polyline/Polyline.framework",
			);
			name = "[CP] Embed Pods Frameworks";
			outputFileListPaths = (
			);
			outputPaths = (
				"${TARGET_BUILD_DIR}/${FRAMEWORKS_FOLDER_PATH}/Polyline.framework",
			);
			runOnlyForDeploymentPostprocessing = 0;
			shellPath = /bin/sh;
			shellScript = "\"${PODS_ROOT}/Target Support Files/Pods-Trips/Pods-Trips-frameworks.sh\"\n";
			showEnvVarsInLog = 0;
		};
/* End PBXShellScriptBuildPhase section */

/* Begin PBXSourcesBuildPhase section */
		8299A619240BC9480043D6C7 /* Sources */ = {
			isa = PBXSourcesBuildPhase;
			buildActionMask = 2147483647;
			files = (
				8245FA60240E61F100CC9DB9 /* DestinationResponseMapper.swift in Sources */,
				8224C8F5240C3AB300DC43CD /* StopDetailResponse.swift in Sources */,
				8245FA62240E654C00CC9DB9 /* PointResponseMapper.swift in Sources */,
				8299A62B240BC9480043D6C7 /* Trips.xcdatamodeld in Sources */,
				822497DE240F938700150B8D /* HomeCellModel.swift in Sources */,
				822497EA240FE83900150B8D /* ViewController+Spinner.swift in Sources */,
				822497EC240FEEB400150B8D /* HomeTableViewCell.swift in Sources */,
				8224C8EC240C352A00DC43CD /* TripService.swift in Sources */,
				8245FA64240E673F00CC9DB9 /* StopResponseMapper.swift in Sources */,
				8224C8EA240C34A600DC43CD /* Service.swift in Sources */,
				8224C8EE240C36DA00DC43CD /* TripServiceProvider.swift in Sources */,
				8224C8E2240C334100DC43CD /* HomeViewModel.swift in Sources */,
				8245FA58240E601800CC9DB9 /* RetrieveTripsUseCase.swift in Sources */,
				8224C8F0240C371700DC43CD /* TripError.swift in Sources */,
				8245FA5E240E618A00CC9DB9 /* TripResponseMapper.swift in Sources */,
				8299A625240BC9480043D6C7 /* HomeViewController.swift in Sources */,
				8224C8F3240C38E400DC43CD /* TripResponse.swift in Sources */,
				8245FA67240E865100CC9DB9 /* String+Date.swift in Sources */,
				822497E1240FA94500150B8D /* HomeCellMapper.swift in Sources */,
				8224C8E7240C340000DC43CD /* TripRepository.swift in Sources */,
				822497E3240FA98E00150B8D /* Date+String.swift in Sources */,
				8299A621240BC9480043D6C7 /* AppDelegate.swift in Sources */,
				8245FA5B240E611400CC9DB9 /* Trip.swift in Sources */,
				8299A623240BC9480043D6C7 /* SceneDelegate.swift in Sources */,
			);
			runOnlyForDeploymentPostprocessing = 0;
		};
		8299A632240BC94A0043D6C7 /* Sources */ = {
			isa = PBXSourcesBuildPhase;
			buildActionMask = 2147483647;
			files = (
				8299A63B240BC94A0043D6C7 /* TripsTests.swift in Sources */,
				822497E5240FCF9000150B8D /* HomeViewModelTests.swift in Sources */,
				822497E8240FD11400150B8D /* MockHomeViewModelDependencies.swift in Sources */,
			);
			runOnlyForDeploymentPostprocessing = 0;
		};
/* End PBXSourcesBuildPhase section */

/* Begin PBXTargetDependency section */
		8299A638240BC94A0043D6C7 /* PBXTargetDependency */ = {
			isa = PBXTargetDependency;
			target = 8299A61C240BC9480043D6C7 /* Trips */;
			targetProxy = 8299A637240BC94A0043D6C7 /* PBXContainerItemProxy */;
		};
/* End PBXTargetDependency section */

/* Begin XCBuildConfiguration section */
		8299A63D240BC94A0043D6C7 /* Debug */ = {
			isa = XCBuildConfiguration;
			buildSettings = {
				ALWAYS_SEARCH_USER_PATHS = NO;
				CLANG_ANALYZER_NONNULL = YES;
				CLANG_ANALYZER_NUMBER_OBJECT_CONVERSION = YES_AGGRESSIVE;
				CLANG_CXX_LANGUAGE_STANDARD = "gnu++14";
				CLANG_CXX_LIBRARY = "libc++";
				CLANG_ENABLE_MODULES = YES;
				CLANG_ENABLE_OBJC_ARC = YES;
				CLANG_ENABLE_OBJC_WEAK = YES;
				CLANG_WARN_BLOCK_CAPTURE_AUTORELEASING = YES;
				CLANG_WARN_BOOL_CONVERSION = YES;
				CLANG_WARN_COMMA = YES;
				CLANG_WARN_CONSTANT_CONVERSION = YES;
				CLANG_WARN_DEPRECATED_OBJC_IMPLEMENTATIONS = YES;
				CLANG_WARN_DIRECT_OBJC_ISA_USAGE = YES_ERROR;
				CLANG_WARN_DOCUMENTATION_COMMENTS = YES;
				CLANG_WARN_EMPTY_BODY = YES;
				CLANG_WARN_ENUM_CONVERSION = YES;
				CLANG_WARN_INFINITE_RECURSION = YES;
				CLANG_WARN_INT_CONVERSION = YES;
				CLANG_WARN_NON_LITERAL_NULL_CONVERSION = YES;
				CLANG_WARN_OBJC_IMPLICIT_RETAIN_SELF = YES;
				CLANG_WARN_OBJC_LITERAL_CONVERSION = YES;
				CLANG_WARN_OBJC_ROOT_CLASS = YES_ERROR;
				CLANG_WARN_RANGE_LOOP_ANALYSIS = YES;
				CLANG_WARN_STRICT_PROTOTYPES = YES;
				CLANG_WARN_SUSPICIOUS_MOVE = YES;
				CLANG_WARN_UNGUARDED_AVAILABILITY = YES_AGGRESSIVE;
				CLANG_WARN_UNREACHABLE_CODE = YES;
				CLANG_WARN__DUPLICATE_METHOD_MATCH = YES;
				COPY_PHASE_STRIP = NO;
				DEBUG_INFORMATION_FORMAT = dwarf;
				ENABLE_STRICT_OBJC_MSGSEND = YES;
				ENABLE_TESTABILITY = YES;
				GCC_C_LANGUAGE_STANDARD = gnu11;
				GCC_DYNAMIC_NO_PIC = NO;
				GCC_NO_COMMON_BLOCKS = YES;
				GCC_OPTIMIZATION_LEVEL = 0;
				GCC_PREPROCESSOR_DEFINITIONS = (
					"DEBUG=1",
					"$(inherited)",
				);
				GCC_WARN_64_TO_32_BIT_CONVERSION = YES;
				GCC_WARN_ABOUT_RETURN_TYPE = YES_ERROR;
				GCC_WARN_UNDECLARED_SELECTOR = YES;
				GCC_WARN_UNINITIALIZED_AUTOS = YES_AGGRESSIVE;
				GCC_WARN_UNUSED_FUNCTION = YES;
				GCC_WARN_UNUSED_VARIABLE = YES;
				IPHONEOS_DEPLOYMENT_TARGET = 13.0;
				MTL_ENABLE_DEBUG_INFO = INCLUDE_SOURCE;
				MTL_FAST_MATH = YES;
				ONLY_ACTIVE_ARCH = YES;
				SDKROOT = iphoneos;
				SWIFT_ACTIVE_COMPILATION_CONDITIONS = DEBUG;
				SWIFT_OPTIMIZATION_LEVEL = "-Onone";
			};
			name = Debug;
		};
		8299A63E240BC94A0043D6C7 /* Release */ = {
			isa = XCBuildConfiguration;
			buildSettings = {
				ALWAYS_SEARCH_USER_PATHS = NO;
				CLANG_ANALYZER_NONNULL = YES;
				CLANG_ANALYZER_NUMBER_OBJECT_CONVERSION = YES_AGGRESSIVE;
				CLANG_CXX_LANGUAGE_STANDARD = "gnu++14";
				CLANG_CXX_LIBRARY = "libc++";
				CLANG_ENABLE_MODULES = YES;
				CLANG_ENABLE_OBJC_ARC = YES;
				CLANG_ENABLE_OBJC_WEAK = YES;
				CLANG_WARN_BLOCK_CAPTURE_AUTORELEASING = YES;
				CLANG_WARN_BOOL_CONVERSION = YES;
				CLANG_WARN_COMMA = YES;
				CLANG_WARN_CONSTANT_CONVERSION = YES;
				CLANG_WARN_DEPRECATED_OBJC_IMPLEMENTATIONS = YES;
				CLANG_WARN_DIRECT_OBJC_ISA_USAGE = YES_ERROR;
				CLANG_WARN_DOCUMENTATION_COMMENTS = YES;
				CLANG_WARN_EMPTY_BODY = YES;
				CLANG_WARN_ENUM_CONVERSION = YES;
				CLANG_WARN_INFINITE_RECURSION = YES;
				CLANG_WARN_INT_CONVERSION = YES;
				CLANG_WARN_NON_LITERAL_NULL_CONVERSION = YES;
				CLANG_WARN_OBJC_IMPLICIT_RETAIN_SELF = YES;
				CLANG_WARN_OBJC_LITERAL_CONVERSION = YES;
				CLANG_WARN_OBJC_ROOT_CLASS = YES_ERROR;
				CLANG_WARN_RANGE_LOOP_ANALYSIS = YES;
				CLANG_WARN_STRICT_PROTOTYPES = YES;
				CLANG_WARN_SUSPICIOUS_MOVE = YES;
				CLANG_WARN_UNGUARDED_AVAILABILITY = YES_AGGRESSIVE;
				CLANG_WARN_UNREACHABLE_CODE = YES;
				CLANG_WARN__DUPLICATE_METHOD_MATCH = YES;
				COPY_PHASE_STRIP = NO;
				DEBUG_INFORMATION_FORMAT = "dwarf-with-dsym";
				ENABLE_NS_ASSERTIONS = NO;
				ENABLE_STRICT_OBJC_MSGSEND = YES;
				GCC_C_LANGUAGE_STANDARD = gnu11;
				GCC_NO_COMMON_BLOCKS = YES;
				GCC_WARN_64_TO_32_BIT_CONVERSION = YES;
				GCC_WARN_ABOUT_RETURN_TYPE = YES_ERROR;
				GCC_WARN_UNDECLARED_SELECTOR = YES;
				GCC_WARN_UNINITIALIZED_AUTOS = YES_AGGRESSIVE;
				GCC_WARN_UNUSED_FUNCTION = YES;
				GCC_WARN_UNUSED_VARIABLE = YES;
				IPHONEOS_DEPLOYMENT_TARGET = 13.0;
				MTL_ENABLE_DEBUG_INFO = NO;
				MTL_FAST_MATH = YES;
				SDKROOT = iphoneos;
				SWIFT_COMPILATION_MODE = wholemodule;
				SWIFT_OPTIMIZATION_LEVEL = "-O";
				VALIDATE_PRODUCT = YES;
			};
			name = Release;
		};
		8299A640240BC94A0043D6C7 /* Debug */ = {
			isa = XCBuildConfiguration;
			baseConfigurationReference = A406D1B73DDC76B8084C932C /* Pods-Trips.debug.xcconfig */;
			buildSettings = {
				ASSETCATALOG_COMPILER_APPICON_NAME = AppIcon;
				CODE_SIGN_STYLE = Automatic;
				DEVELOPMENT_TEAM = 398SW3R932;
				INFOPLIST_FILE = Trips/Info.plist;
				LD_RUNPATH_SEARCH_PATHS = (
					"$(inherited)",
					"@executable_path/Frameworks",
				);
				PRODUCT_BUNDLE_IDENTIFIER = ErikAgujari.Trips;
				PRODUCT_NAME = "$(TARGET_NAME)";
				SWIFT_VERSION = 5.0;
				TARGETED_DEVICE_FAMILY = 1;
			};
			name = Debug;
		};
		8299A641240BC94A0043D6C7 /* Release */ = {
			isa = XCBuildConfiguration;
			baseConfigurationReference = F7E269A2894AA9C442E93471 /* Pods-Trips.release.xcconfig */;
			buildSettings = {
				ASSETCATALOG_COMPILER_APPICON_NAME = AppIcon;
				CODE_SIGN_STYLE = Automatic;
				DEVELOPMENT_TEAM = 398SW3R932;
				INFOPLIST_FILE = Trips/Info.plist;
				LD_RUNPATH_SEARCH_PATHS = (
					"$(inherited)",
					"@executable_path/Frameworks",
				);
				PRODUCT_BUNDLE_IDENTIFIER = ErikAgujari.Trips;
				PRODUCT_NAME = "$(TARGET_NAME)";
				SWIFT_VERSION = 5.0;
				TARGETED_DEVICE_FAMILY = 1;
			};
			name = Release;
		};
		8299A643240BC94A0043D6C7 /* Debug */ = {
			isa = XCBuildConfiguration;
			baseConfigurationReference = 253DC08495E0684B3461F4EB /* Pods-TripsTests.debug.xcconfig */;
			buildSettings = {
				ALWAYS_EMBED_SWIFT_STANDARD_LIBRARIES = YES;
				BUNDLE_LOADER = "$(TEST_HOST)";
				CODE_SIGN_STYLE = Automatic;
				DEVELOPMENT_TEAM = 398SW3R932;
				INFOPLIST_FILE = TripsTests/Info.plist;
				IPHONEOS_DEPLOYMENT_TARGET = 13.0;
				LD_RUNPATH_SEARCH_PATHS = (
					"$(inherited)",
					"@executable_path/Frameworks",
					"@loader_path/Frameworks",
				);
				PRODUCT_BUNDLE_IDENTIFIER = ErikAgujari.TripsTests;
				PRODUCT_NAME = "$(TARGET_NAME)";
				SWIFT_VERSION = 5.0;
				TARGETED_DEVICE_FAMILY = "1,2";
				TEST_HOST = "$(BUILT_PRODUCTS_DIR)/Trips.app/Trips";
			};
			name = Debug;
		};
		8299A644240BC94A0043D6C7 /* Release */ = {
			isa = XCBuildConfiguration;
			baseConfigurationReference = 36DD8E2747F0D553ED4804CD /* Pods-TripsTests.release.xcconfig */;
			buildSettings = {
				ALWAYS_EMBED_SWIFT_STANDARD_LIBRARIES = YES;
				BUNDLE_LOADER = "$(TEST_HOST)";
				CODE_SIGN_STYLE = Automatic;
				DEVELOPMENT_TEAM = 398SW3R932;
				INFOPLIST_FILE = TripsTests/Info.plist;
				IPHONEOS_DEPLOYMENT_TARGET = 13.0;
				LD_RUNPATH_SEARCH_PATHS = (
					"$(inherited)",
					"@executable_path/Frameworks",
					"@loader_path/Frameworks",
				);
				PRODUCT_BUNDLE_IDENTIFIER = ErikAgujari.TripsTests;
				PRODUCT_NAME = "$(TARGET_NAME)";
				SWIFT_VERSION = 5.0;
				TARGETED_DEVICE_FAMILY = "1,2";
				TEST_HOST = "$(BUILT_PRODUCTS_DIR)/Trips.app/Trips";
			};
			name = Release;
		};
/* End XCBuildConfiguration section */

/* Begin XCConfigurationList section */
		8299A618240BC9480043D6C7 /* Build configuration list for PBXProject "Trips" */ = {
			isa = XCConfigurationList;
			buildConfigurations = (
				8299A63D240BC94A0043D6C7 /* Debug */,
				8299A63E240BC94A0043D6C7 /* Release */,
			);
			defaultConfigurationIsVisible = 0;
			defaultConfigurationName = Release;
		};
		8299A63F240BC94A0043D6C7 /* Build configuration list for PBXNativeTarget "Trips" */ = {
			isa = XCConfigurationList;
			buildConfigurations = (
				8299A640240BC94A0043D6C7 /* Debug */,
				8299A641240BC94A0043D6C7 /* Release */,
			);
			defaultConfigurationIsVisible = 0;
			defaultConfigurationName = Release;
		};
		8299A642240BC94A0043D6C7 /* Build configuration list for PBXNativeTarget "TripsTests" */ = {
			isa = XCConfigurationList;
			buildConfigurations = (
				8299A643240BC94A0043D6C7 /* Debug */,
				8299A644240BC94A0043D6C7 /* Release */,
			);
			defaultConfigurationIsVisible = 0;
			defaultConfigurationName = Release;
		};
/* End XCConfigurationList section */

/* Begin XCVersionGroup section */
		8299A629240BC9480043D6C7 /* Trips.xcdatamodeld */ = {
			isa = XCVersionGroup;
			children = (
				8299A62A240BC9480043D6C7 /* Trips.xcdatamodel */,
			);
			currentVersion = 8299A62A240BC9480043D6C7 /* Trips.xcdatamodel */;
			path = Trips.xcdatamodeld;
			sourceTree = "<group>";
			versionGroupType = wrapper.xcdatamodel;
		};
/* End XCVersionGroup section */
	};
	rootObject = 8299A615240BC9480043D6C7 /* Project object */;
}
